
Microsoft Visual Studio Solution File, Format Version 12.00
# Visual Studio Version 17
VisualStudioVersion = 17.9.34728.123
MinimumVisualStudioVersion = 10.0.40219.1
Project("{FAE04EC0-301F-11D3-BF4B-00C04F79EFBC}") = "practica2", "practica2.csproj", "{14A65AFD-569E-4859-B8EB-02A81D9156B9}"
EndProject
Global
	GlobalSection(SolutionConfigurationPlatforms) = preSolution
		Debug|Any CPU = Debug|Any CPU
		Release|Any CPU = Release|Any CPU
	EndGlobalSection
	GlobalSection(ProjectConfigurationPlatforms) = postSolution
		{14A65AFD-569E-4859-B8EB-02A81D9156B9}.Debug|Any CPU.ActiveCfg = Debug|Any CPU
		{14A65AFD-569E-4859-B8EB-02A81D9156B9}.Debug|Any CPU.Build.0 = Debug|Any CPU
		{14A65AFD-569E-4859-B8EB-02A81D9156B9}.Release|Any CPU.ActiveCfg = Release|Any CPU
		{14A65AFD-569E-4859-B8EB-02A81D9156B9}.Release|Any CPU.Build.0 = Release|Any CPU
	EndGlobalSection
	GlobalSection(SolutionProperties) = preSolution
		HideSolutionNode = FALSE
	EndGlobalSection
	GlobalSection(ExtensibilityGlobals) = postSolution
		SolutionGuid = {10DC61E4-DF41-471B-974D-E712B024D022}
	EndGlobalSection
EndGlobal
